// !$*UTF8*$!
{
	archiveVersion = 1;
	classes = {
	};
	objectVersion = 50;
	objects = {

/* Begin PBXBuildFile section */
		9457FAB32080FA0A00830784 /* Main.storyboard in Resources */ = {isa = PBXBuildFile; fileRef = 9457FAB12080FA0A00830784 /* Main.storyboard */; };
		9457FAB52080FA0B00830784 /* Assets.xcassets in Resources */ = {isa = PBXBuildFile; fileRef = 9457FAB42080FA0B00830784 /* Assets.xcassets */; };
		9457FAB82080FA0B00830784 /* LaunchScreen.storyboard in Resources */ = {isa = PBXBuildFile; fileRef = 9457FAB62080FA0B00830784 /* LaunchScreen.storyboard */; };
		9457FAC32080FA0B00830784 /* projectCaesiumTests.swift in Sources */ = {isa = PBXBuildFile; fileRef = 9457FAC22080FA0B00830784 /* projectCaesiumTests.swift */; };
		9457FACE2080FA0B00830784 /* projectCaesiumUITests.swift in Sources */ = {isa = PBXBuildFile; fileRef = 9457FACD2080FA0B00830784 /* projectCaesiumUITests.swift */; };
		9457FAE220893BF200830784 /* AppDelegate.swift in Sources */ = {isa = PBXBuildFile; fileRef = 9457FAAD2080FA0A00830784 /* AppDelegate.swift */; };
		9457FAE320893BF200830784 /* AddFoodViewController.swift in Sources */ = {isa = PBXBuildFile; fileRef = 9457FAAF2080FA0A00830784 /* AddFoodViewController.swift */; };
		9457FAE420893BF200830784 /* FoodItem.swift in Sources */ = {isa = PBXBuildFile; fileRef = 9457FADD2088DDAD00830784 /* FoodItem.swift */; };
		946CD325208E12E60043E5A5 /* FoodItemTableViewCell.swift in Sources */ = {isa = PBXBuildFile; fileRef = 946CD324208E12E60043E5A5 /* FoodItemTableViewCell.swift */; };
		946CD327208E18C00043E5A5 /* FoodItemTableViewController.swift in Sources */ = {isa = PBXBuildFile; fileRef = 946CD326208E18C00043E5A5 /* FoodItemTableViewController.swift */; };
		94EF7D282090259800646A38 /* BoxCollectionViewCell.swift in Sources */ = {isa = PBXBuildFile; fileRef = 94EF7D272090259800646A38 /* BoxCollectionViewCell.swift */; };
		94EF7D2A20920B5B00646A38 /* DashCollectionViewCell.swift in Sources */ = {isa = PBXBuildFile; fileRef = 94EF7D2920920B5B00646A38 /* DashCollectionViewCell.swift */; };
		94EF7D2C20920B8500646A38 /* DashCollectionViewController.swift in Sources */ = {isa = PBXBuildFile; fileRef = 94EF7D2B20920B8500646A38 /* DashCollectionViewController.swift */; };
		94EF7D2E20920D9000646A38 /* DevViewController.swift in Sources */ = {isa = PBXBuildFile; fileRef = 94EF7D2D20920D9000646A38 /* DevViewController.swift */; };
/* End PBXBuildFile section */

/* Begin PBXContainerItemProxy section */
		9457FABF2080FA0B00830784 /* PBXContainerItemProxy */ = {
			isa = PBXContainerItemProxy;
			containerPortal = 9457FAA22080FA0A00830784 /* Project object */;
			proxyType = 1;
			remoteGlobalIDString = 9457FAA92080FA0A00830784;
			remoteInfo = 123;
		};
		9457FACA2080FA0B00830784 /* PBXContainerItemProxy */ = {
			isa = PBXContainerItemProxy;
			containerPortal = 9457FAA22080FA0A00830784 /* Project object */;
			proxyType = 1;
			remoteGlobalIDString = 9457FAA92080FA0A00830784;
			remoteInfo = 123;
		};
/* End PBXContainerItemProxy section */

/* Begin PBXFileReference section */
		9457FAAA2080FA0A00830784 /* 123.app */ = {isa = PBXFileReference; explicitFileType = wrapper.application; includeInIndex = 0; path = 123.app; sourceTree = BUILT_PRODUCTS_DIR; };
		9457FAAD2080FA0A00830784 /* AppDelegate.swift */ = {isa = PBXFileReference; lastKnownFileType = sourcecode.swift; path = AppDelegate.swift; sourceTree = "<group>"; };
		9457FAAF2080FA0A00830784 /* AddFoodViewController.swift */ = {isa = PBXFileReference; lastKnownFileType = sourcecode.swift; path = AddFoodViewController.swift; sourceTree = "<group>"; };
		9457FAB22080FA0A00830784 /* Base */ = {isa = PBXFileReference; lastKnownFileType = file.storyboard; name = Base; path = Base.lproj/Main.storyboard; sourceTree = "<group>"; };
		9457FAB42080FA0B00830784 /* Assets.xcassets */ = {isa = PBXFileReference; lastKnownFileType = folder.assetcatalog; path = Assets.xcassets; sourceTree = "<group>"; };
		9457FAB72080FA0B00830784 /* Base */ = {isa = PBXFileReference; lastKnownFileType = file.storyboard; name = Base; path = Base.lproj/LaunchScreen.storyboard; sourceTree = "<group>"; };
		9457FAB92080FA0B00830784 /* Info.plist */ = {isa = PBXFileReference; lastKnownFileType = text.plist.xml; path = Info.plist; sourceTree = "<group>"; };
		9457FABE2080FA0B00830784 /* 123Tests.xctest */ = {isa = PBXFileReference; explicitFileType = wrapper.cfbundle; includeInIndex = 0; path = 123Tests.xctest; sourceTree = BUILT_PRODUCTS_DIR; };
		9457FAC22080FA0B00830784 /* projectCaesiumTests.swift */ = {isa = PBXFileReference; lastKnownFileType = sourcecode.swift; path = projectCaesiumTests.swift; sourceTree = "<group>"; };
		9457FAC42080FA0B00830784 /* Info.plist */ = {isa = PBXFileReference; lastKnownFileType = text.plist.xml; path = Info.plist; sourceTree = "<group>"; };
		9457FAC92080FA0B00830784 /* 123UITests.xctest */ = {isa = PBXFileReference; explicitFileType = wrapper.cfbundle; includeInIndex = 0; path = 123UITests.xctest; sourceTree = BUILT_PRODUCTS_DIR; };
		9457FACD2080FA0B00830784 /* projectCaesiumUITests.swift */ = {isa = PBXFileReference; lastKnownFileType = sourcecode.swift; path = projectCaesiumUITests.swift; sourceTree = "<group>"; };
		9457FACF2080FA0B00830784 /* Info.plist */ = {isa = PBXFileReference; lastKnownFileType = text.plist.xml; path = Info.plist; sourceTree = "<group>"; };
		9457FADD2088DDAD00830784 /* FoodItem.swift */ = {isa = PBXFileReference; lastKnownFileType = sourcecode.swift; path = FoodItem.swift; sourceTree = "<group>"; };
		9457FADF208937C700830784 /* File.swift */ = {isa = PBXFileReference; lastKnownFileType = sourcecode.swift; path = File.swift; sourceTree = "<group>"; };
		946CD324208E12E60043E5A5 /* FoodItemTableViewCell.swift */ = {isa = PBXFileReference; lastKnownFileType = sourcecode.swift; path = FoodItemTableViewCell.swift; sourceTree = "<group>"; };
		946CD326208E18C00043E5A5 /* FoodItemTableViewController.swift */ = {isa = PBXFileReference; lastKnownFileType = sourcecode.swift; path = FoodItemTableViewController.swift; sourceTree = "<group>"; };
		94EF7D26208FF6B800646A38 /* psd */ = {isa = PBXFileReference; lastKnownFileType = folder; name = psd; path = ../../../psd; sourceTree = "<group>"; };
		94EF7D272090259800646A38 /* BoxCollectionViewCell.swift */ = {isa = PBXFileReference; lastKnownFileType = sourcecode.swift; path = BoxCollectionViewCell.swift; sourceTree = "<group>"; };
		94EF7D2920920B5B00646A38 /* DashCollectionViewCell.swift */ = {isa = PBXFileReference; lastKnownFileType = sourcecode.swift; path = DashCollectionViewCell.swift; sourceTree = "<group>"; };
		94EF7D2B20920B8500646A38 /* DashCollectionViewController.swift */ = {isa = PBXFileReference; lastKnownFileType = sourcecode.swift; path = DashCollectionViewController.swift; sourceTree = "<group>"; };
		94EF7D2D20920D9000646A38 /* DevViewController.swift */ = {isa = PBXFileReference; lastKnownFileType = sourcecode.swift; path = DevViewController.swift; sourceTree = "<group>"; };
/* End PBXFileReference section */

/* Begin PBXFrameworksBuildPhase section */
		9457FAA72080FA0A00830784 /* Frameworks */ = {
			isa = PBXFrameworksBuildPhase;
			buildActionMask = 2147483647;
			files = (
			);
			runOnlyForDeploymentPostprocessing = 0;
		};
		9457FABB2080FA0B00830784 /* Frameworks */ = {
			isa = PBXFrameworksBuildPhase;
			buildActionMask = 2147483647;
			files = (
			);
			runOnlyForDeploymentPostprocessing = 0;
		};
		9457FAC62080FA0B00830784 /* Frameworks */ = {
			isa = PBXFrameworksBuildPhase;
			buildActionMask = 2147483647;
			files = (
			);
			runOnlyForDeploymentPostprocessing = 0;
		};
/* End PBXFrameworksBuildPhase section */

/* Begin PBXGroup section */
		9457FAA12080FA0A00830784 = {
			isa = PBXGroup;
			children = (
				9457FAE520893FB100830784 /* File */,
				9457FAAC2080FA0A00830784 /* projectCaesium */,
				9457FAC12080FA0B00830784 /* 123Tests */,
				9457FACC2080FA0B00830784 /* 123UITests */,
				9457FAAB2080FA0A00830784 /* Products */,
			);
			sourceTree = "<group>";
		};
		9457FAAB2080FA0A00830784 /* Products */ = {
			isa = PBXGroup;
			children = (
				9457FAAA2080FA0A00830784 /* 123.app */,
				9457FABE2080FA0B00830784 /* 123Tests.xctest */,
				9457FAC92080FA0B00830784 /* 123UITests.xctest */,
			);
			name = Products;
			sourceTree = "<group>";
		};
		9457FAAC2080FA0A00830784 /* projectCaesium */ = {
			isa = PBXGroup;
			children = (
				94EF7D26208FF6B800646A38 /* psd */,
				9457FAAD2080FA0A00830784 /* AppDelegate.swift */,
				94EF7D272090259800646A38 /* BoxCollectionViewCell.swift */,
				9457FAAF2080FA0A00830784 /* AddFoodViewController.swift */,
				9457FAB12080FA0A00830784 /* Main.storyboard */,
				94EF7D2D20920D9000646A38 /* DevViewController.swift */,
				94EF7D2920920B5B00646A38 /* DashCollectionViewCell.swift */,
				94EF7D2B20920B8500646A38 /* DashCollectionViewController.swift */,
				946CD324208E12E60043E5A5 /* FoodItemTableViewCell.swift */,
				9457FADD2088DDAD00830784 /* FoodItem.swift */,
				946CD326208E18C00043E5A5 /* FoodItemTableViewController.swift */,
				9457FAB42080FA0B00830784 /* Assets.xcassets */,
				9457FAB62080FA0B00830784 /* LaunchScreen.storyboard */,
				9457FAB92080FA0B00830784 /* Info.plist */,
			);
			path = projectCaesium;
			sourceTree = "<group>";
		};
		9457FAC12080FA0B00830784 /* 123Tests */ = {
			isa = PBXGroup;
			children = (
				9457FAC22080FA0B00830784 /* projectCaesiumTests.swift */,
				9457FAC42080FA0B00830784 /* Info.plist */,
			);
			path = 123Tests;
			sourceTree = "<group>";
		};
		9457FACC2080FA0B00830784 /* 123UITests */ = {
			isa = PBXGroup;
			children = (
				9457FACD2080FA0B00830784 /* projectCaesiumUITests.swift */,
				9457FACF2080FA0B00830784 /* Info.plist */,
			);
			path = 123UITests;
			sourceTree = "<group>";
		};
		9457FAE520893FB100830784 /* File */ = {
			isa = PBXGroup;
			children = (
				9457FADF208937C700830784 /* File.swift */,
			);
			name = File;
			sourceTree = "<group>";
		};
/* End PBXGroup section */

/* Begin PBXNativeTarget section */
		9457FAA92080FA0A00830784 /* 123 */ = {
			isa = PBXNativeTarget;
			buildConfigurationList = 9457FAD22080FA0B00830784 /* Build configuration list for PBXNativeTarget "123" */;
			buildPhases = (
				9457FAA62080FA0A00830784 /* Sources */,
				9457FAA72080FA0A00830784 /* Frameworks */,
				9457FAA82080FA0A00830784 /* Resources */,
			);
			buildRules = (
			);
			dependencies = (
			);
			name = 123;
			productName = 123;
			productReference = 9457FAAA2080FA0A00830784 /* 123.app */;
			productType = "com.apple.product-type.application";
		};
		9457FABD2080FA0B00830784 /* 123Tests */ = {
			isa = PBXNativeTarget;
			buildConfigurationList = 9457FAD52080FA0B00830784 /* Build configuration list for PBXNativeTarget "123Tests" */;
			buildPhases = (
				9457FABA2080FA0B00830784 /* Sources */,
				9457FABB2080FA0B00830784 /* Frameworks */,
				9457FABC2080FA0B00830784 /* Resources */,
			);
			buildRules = (
			);
			dependencies = (
				9457FAC02080FA0B00830784 /* PBXTargetDependency */,
			);
			name = 123Tests;
			productName = 123Tests;
			productReference = 9457FABE2080FA0B00830784 /* 123Tests.xctest */;
			productType = "com.apple.product-type.bundle.unit-test";
		};
		9457FAC82080FA0B00830784 /* 123UITests */ = {
			isa = PBXNativeTarget;
			buildConfigurationList = 9457FAD82080FA0B00830784 /* Build configuration list for PBXNativeTarget "123UITests" */;
			buildPhases = (
				9457FAC52080FA0B00830784 /* Sources */,
				9457FAC62080FA0B00830784 /* Frameworks */,
				9457FAC72080FA0B00830784 /* Resources */,
			);
			buildRules = (
			);
			dependencies = (
				9457FACB2080FA0B00830784 /* PBXTargetDependency */,
			);
			name = 123UITests;
			productName = 123UITests;
			productReference = 9457FAC92080FA0B00830784 /* 123UITests.xctest */;
			productType = "com.apple.product-type.bundle.ui-testing";
		};
/* End PBXNativeTarget section */

/* Begin PBXProject section */
		9457FAA22080FA0A00830784 /* Project object */ = {
			isa = PBXProject;
			attributes = {
				LastSwiftUpdateCheck = 0930;
				LastUpgradeCheck = 0930;
				ORGANIZATIONNAME = "Stephen Alger";
				TargetAttributes = {
					9457FAA92080FA0A00830784 = {
						CreatedOnToolsVersion = 9.3;
					};
					9457FABD2080FA0B00830784 = {
						CreatedOnToolsVersion = 9.3;
						TestTargetID = 9457FAA92080FA0A00830784;
					};
					9457FAC82080FA0B00830784 = {
						CreatedOnToolsVersion = 9.3;
						TestTargetID = 9457FAA92080FA0A00830784;
					};
				};
			};
			buildConfigurationList = 9457FAA52080FA0A00830784 /* Build configuration list for PBXProject "projectCaesium" */;
			compatibilityVersion = "Xcode 9.3";
			developmentRegion = en;
			hasScannedForEncodings = 0;
			knownRegions = (
				en,
				Base,
			);
			mainGroup = 9457FAA12080FA0A00830784;
			productRefGroup = 9457FAAB2080FA0A00830784 /* Products */;
			projectDirPath = "";
			projectRoot = "";
			targets = (
				9457FAA92080FA0A00830784 /* 123 */,
				9457FABD2080FA0B00830784 /* 123Tests */,
				9457FAC82080FA0B00830784 /* 123UITests */,
			);
		};
/* End PBXProject section */

/* Begin PBXResourcesBuildPhase section */
		9457FAA82080FA0A00830784 /* Resources */ = {
			isa = PBXResourcesBuildPhase;
			buildActionMask = 2147483647;
			files = (
				9457FAB82080FA0B00830784 /* LaunchScreen.storyboard in Resources */,
				9457FAB52080FA0B00830784 /* Assets.xcassets in Resources */,
				9457FAB32080FA0A00830784 /* Main.storyboard in Resources */,
			);
			runOnlyForDeploymentPostprocessing = 0;
		};
		9457FABC2080FA0B00830784 /* Resources */ = {
			isa = PBXResourcesBuildPhase;
			buildActionMask = 2147483647;
			files = (
			);
			runOnlyForDeploymentPostprocessing = 0;
		};
		9457FAC72080FA0B00830784 /* Resources */ = {
			isa = PBXResourcesBuildPhase;
			buildActionMask = 2147483647;
			files = (
			);
			runOnlyForDeploymentPostprocessing = 0;
		};
/* End PBXResourcesBuildPhase section */

/* Begin PBXSourcesBuildPhase section */
		9457FAA62080FA0A00830784 /* Sources */ = {
			isa = PBXSourcesBuildPhase;
			buildActionMask = 2147483647;
			files = (
				94EF7D2C20920B8500646A38 /* DashCollectionViewController.swift in Sources */,
				946CD325208E12E60043E5A5 /* FoodItemTableViewCell.swift in Sources */,
				9457FAE320893BF200830784 /* AddFoodViewController.swift in Sources */,
				946CD327208E18C00043E5A5 /* FoodItemTableViewController.swift in Sources */,
				9457FAE420893BF200830784 /* FoodItem.swift in Sources */,
				94EF7D2A20920B5B00646A38 /* DashCollectionViewCell.swift in Sources */,
				94EF7D2E20920D9000646A38 /* DevViewController.swift in Sources */,
				94EF7D282090259800646A38 /* BoxCollectionViewCell.swift in Sources */,
				9457FAE220893BF200830784 /* AppDelegate.swift in Sources */,
			);
			runOnlyForDeploymentPostprocessing = 0;
		};
		9457FABA2080FA0B00830784 /* Sources */ = {
			isa = PBXSourcesBuildPhase;
			buildActionMask = 2147483647;
			files = (
				9457FAC32080FA0B00830784 /* projectCaesiumTests.swift in Sources */,
			);
			runOnlyForDeploymentPostprocessing = 0;
		};
		9457FAC52080FA0B00830784 /* Sources */ = {
			isa = PBXSourcesBuildPhase;
			buildActionMask = 2147483647;
			files = (
				9457FACE2080FA0B00830784 /* projectCaesiumUITests.swift in Sources */,
			);
			runOnlyForDeploymentPostprocessing = 0;
		};
/* End PBXSourcesBuildPhase section */

/* Begin PBXTargetDependency section */
		9457FAC02080FA0B00830784 /* PBXTargetDependency */ = {
			isa = PBXTargetDependency;
			target = 9457FAA92080FA0A00830784 /* 123 */;
			targetProxy = 9457FABF2080FA0B00830784 /* PBXContainerItemProxy */;
		};
		9457FACB2080FA0B00830784 /* PBXTargetDependency */ = {
			isa = PBXTargetDependency;
			target = 9457FAA92080FA0A00830784 /* 123 */;
			targetProxy = 9457FACA2080FA0B00830784 /* PBXContainerItemProxy */;
		};
/* End PBXTargetDependency section */

/* Begin PBXVariantGroup section */
		9457FAB12080FA0A00830784 /* Main.storyboard */ = {
			isa = PBXVariantGroup;
			children = (
				9457FAB22080FA0A00830784 /* Base */,
			);
			name = Main.storyboard;
			sourceTree = "<group>";
		};
		9457FAB62080FA0B00830784 /* LaunchScreen.storyboard */ = {
			isa = PBXVariantGroup;
			children = (
				9457FAB72080FA0B00830784 /* Base */,
			);
			name = LaunchScreen.storyboard;
			sourceTree = "<group>";
		};
/* End PBXVariantGroup section */

/* Begin XCBuildConfiguration section */
		9457FAD02080FA0B00830784 /* Debug */ = {
			isa = XCBuildConfiguration;
			buildSettings = {
				ALWAYS_SEARCH_USER_PATHS = NO;
				CLANG_ANALYZER_NONNULL = YES;
				CLANG_ANALYZER_NUMBER_OBJECT_CONVERSION = YES_AGGRESSIVE;
				CLANG_CXX_LANGUAGE_STANDARD = "gnu++14";
				CLANG_CXX_LIBRARY = "libc++";
				CLANG_ENABLE_MODULES = YES;
				CLANG_ENABLE_OBJC_ARC = YES;
				CLANG_ENABLE_OBJC_WEAK = YES;
				CLANG_WARN_BLOCK_CAPTURE_AUTORELEASING = YES;
				CLANG_WARN_BOOL_CONVERSION = YES;
				CLANG_WARN_COMMA = YES;
				CLANG_WARN_CONSTANT_CONVERSION = YES;
				CLANG_WARN_DEPRECATED_OBJC_IMPLEMENTATIONS = YES;
				CLANG_WARN_DIRECT_OBJC_ISA_USAGE = YES_ERROR;
				CLANG_WARN_DOCUMENTATION_COMMENTS = YES;
				CLANG_WARN_EMPTY_BODY = YES;
				CLANG_WARN_ENUM_CONVERSION = YES;
				CLANG_WARN_INFINITE_RECURSION = YES;
				CLANG_WARN_INT_CONVERSION = YES;
				CLANG_WARN_NON_LITERAL_NULL_CONVERSION = YES;
				CLANG_WARN_OBJC_IMPLICIT_RETAIN_SELF = YES;
				CLANG_WARN_OBJC_LITERAL_CONVERSION = YES;
				CLANG_WARN_OBJC_ROOT_CLASS = YES_ERROR;
				CLANG_WARN_RANGE_LOOP_ANALYSIS = YES;
				CLANG_WARN_STRICT_PROTOTYPES = YES;
				CLANG_WARN_SUSPICIOUS_MOVE = YES;
				CLANG_WARN_UNGUARDED_AVAILABILITY = YES_AGGRESSIVE;
				CLANG_WARN_UNREACHABLE_CODE = YES;
				CLANG_WARN__DUPLICATE_METHOD_MATCH = YES;
				CODE_SIGN_IDENTITY = "iPhone Developer";
				COPY_PHASE_STRIP = NO;
				DEBUG_INFORMATION_FORMAT = dwarf;
				ENABLE_STRICT_OBJC_MSGSEND = YES;
				ENABLE_TESTABILITY = YES;
				GCC_C_LANGUAGE_STANDARD = gnu11;
				GCC_DYNAMIC_NO_PIC = NO;
				GCC_NO_COMMON_BLOCKS = YES;
				GCC_OPTIMIZATION_LEVEL = 0;
				GCC_PREPROCESSOR_DEFINITIONS = (
					"DEBUG=1",
					"$(inherited)",
				);
				GCC_WARN_64_TO_32_BIT_CONVERSION = YES;
				GCC_WARN_ABOUT_RETURN_TYPE = YES_ERROR;
				GCC_WARN_UNDECLARED_SELECTOR = YES;
				GCC_WARN_UNINITIALIZED_AUTOS = YES_AGGRESSIVE;
				GCC_WARN_UNUSED_FUNCTION = YES;
				GCC_WARN_UNUSED_VARIABLE = YES;
				IPHONEOS_DEPLOYMENT_TARGET = 11.3;
				MTL_ENABLE_DEBUG_INFO = YES;
				ONLY_ACTIVE_ARCH = YES;
				SDKROOT = iphoneos;
				SWIFT_ACTIVE_COMPILATION_CONDITIONS = DEBUG;
				SWIFT_OPTIMIZATION_LEVEL = "-Onone";
			};
			name = Debug;
		};
		9457FAD12080FA0B00830784 /* Release */ = {
			isa = XCBuildConfiguration;
			buildSettings = {
				ALWAYS_SEARCH_USER_PATHS = NO;
				CLANG_ANALYZER_NONNULL = YES;
				CLANG_ANALYZER_NUMBER_OBJECT_CONVERSION = YES_AGGRESSIVE;
				CLANG_CXX_LANGUAGE_STANDARD = "gnu++14";
				CLANG_CXX_LIBRARY = "libc++";
				CLANG_ENABLE_MODULES = YES;
				CLANG_ENABLE_OBJC_ARC = YES;
				CLANG_ENABLE_OBJC_WEAK = YES;
				CLANG_WARN_BLOCK_CAPTURE_AUTORELEASING = YES;
				CLANG_WARN_BOOL_CONVERSION = YES;
				CLANG_WARN_COMMA = YES;
				CLANG_WARN_CONSTANT_CONVERSION = YES;
				CLANG_WARN_DEPRECATED_OBJC_IMPLEMENTATIONS = YES;
				CLANG_WARN_DIRECT_OBJC_ISA_USAGE = YES_ERROR;
				CLANG_WARN_DOCUMENTATION_COMMENTS = YES;
				CLANG_WARN_EMPTY_BODY = YES;
				CLANG_WARN_ENUM_CONVERSION = YES;
				CLANG_WARN_INFINITE_RECURSION = YES;
				CLANG_WARN_INT_CONVERSION = YES;
				CLANG_WARN_NON_LITERAL_NULL_CONVERSION = YES;
				CLANG_WARN_OBJC_IMPLICIT_RETAIN_SELF = YES;
				CLANG_WARN_OBJC_LITERAL_CONVERSION = YES;
				CLANG_WARN_OBJC_ROOT_CLASS = YES_ERROR;
				CLANG_WARN_RANGE_LOOP_ANALYSIS = YES;
				CLANG_WARN_STRICT_PROTOTYPES = YES;
				CLANG_WARN_SUSPICIOUS_MOVE = YES;
				CLANG_WARN_UNGUARDED_AVAILABILITY = YES_AGGRESSIVE;
				CLANG_WARN_UNREACHABLE_CODE = YES;
				CLANG_WARN__DUPLICATE_METHOD_MATCH = YES;
				CODE_SIGN_IDENTITY = "iPhone Developer";
				COPY_PHASE_STRIP = NO;
				DEBUG_INFORMATION_FORMAT = "dwarf-with-dsym";
				ENABLE_NS_ASSERTIONS = NO;
				ENABLE_STRICT_OBJC_MSGSEND = YES;
				GCC_C_LANGUAGE_STANDARD = gnu11;
				GCC_NO_COMMON_BLOCKS = YES;
				GCC_WARN_64_TO_32_BIT_CONVERSION = YES;
				GCC_WARN_ABOUT_RETURN_TYPE = YES_ERROR;
				GCC_WARN_UNDECLARED_SELECTOR = YES;
				GCC_WARN_UNINITIALIZED_AUTOS = YES_AGGRESSIVE;
				GCC_WARN_UNUSED_FUNCTION = YES;
				GCC_WARN_UNUSED_VARIABLE = YES;
				IPHONEOS_DEPLOYMENT_TARGET = 11.3;
				MTL_ENABLE_DEBUG_INFO = NO;
				SDKROOT = iphoneos;
				SWIFT_COMPILATION_MODE = wholemodule;
				SWIFT_OPTIMIZATION_LEVEL = "-O";
				VALIDATE_PRODUCT = YES;
			};
			name = Release;
		};
		9457FAD32080FA0B00830784 /* Debug */ = {
			isa = XCBuildConfiguration;
			buildSettings = {
				ASSETCATALOG_COMPILER_APPICON_NAME = AppIcon;
				CODE_SIGN_STYLE = Automatic;
				DEVELOPMENT_TEAM = 64G55X8M4T;
				INFOPLIST_FILE = projectCaesium/Info.plist;
				LD_RUNPATH_SEARCH_PATHS = (
					"$(inherited)",
					"@executable_path/Frameworks",
				);
				PRODUCT_BUNDLE_IDENTIFIER = com.InteractiveArts.projectCaesium;
				PRODUCT_NAME = "$(TARGET_NAME)";
				SWIFT_VERSION = 4.0;
				TARGETED_DEVICE_FAMILY = "1,2";
			};
			name = Debug;
		};
		9457FAD42080FA0B00830784 /* Release */ = {
			isa = XCBuildConfiguration;
			buildSettings = {
				ASSETCATALOG_COMPILER_APPICON_NAME = AppIcon;
				CODE_SIGN_STYLE = Automatic;
				DEVELOPMENT_TEAM = 64G55X8M4T;
				INFOPLIST_FILE = projectCaesium/Info.plist;
				LD_RUNPATH_SEARCH_PATHS = (
					"$(inherited)",
					"@executable_path/Frameworks",
				);
				PRODUCT_BUNDLE_IDENTIFIER = com.InteractiveArts.projectCaesium;
				PRODUCT_NAME = "$(TARGET_NAME)";
				SWIFT_VERSION = 4.0;
				TARGETED_DEVICE_FAMILY = "1,2";
			};
			name = Release;
		};
		9457FAD62080FA0B00830784 /* Debug */ = {
			isa = XCBuildConfiguration;
			buildSettings = {
				ALWAYS_EMBED_SWIFT_STANDARD_LIBRARIES = YES;
				BUNDLE_LOADER = "$(TEST_HOST)";
				CODE_SIGN_STYLE = Automatic;
				DEVELOPMENT_TEAM = 64G55X8M4T;
				INFOPLIST_FILE = 123Tests/Info.plist;
				LD_RUNPATH_SEARCH_PATHS = (
					"$(inherited)",
					"@executable_path/Frameworks",
					"@loader_path/Frameworks",
				);
				PRODUCT_BUNDLE_IDENTIFIER = "com.InteractiveArts.-23Tests";
				PRODUCT_NAME = "$(TARGET_NAME)";
				SWIFT_VERSION = 4.0;
				TARGETED_DEVICE_FAMILY = "1,2";
				TEST_HOST = "$(BUILT_PRODUCTS_DIR)/123.app/123";
			};
			name = Debug;
		};
		9457FAD72080FA0B00830784 /* Release */ = {
			isa = XCBuildConfiguration;
			buildSettings = {
				ALWAYS_EMBED_SWIFT_STANDARD_LIBRARIES = YES;
				BUNDLE_LOADER = "$(TEST_HOST)";
				CODE_SIGN_STYLE = Automatic;
				DEVELOPMENT_TEAM = 64G55X8M4T;
				INFOPLIST_FILE = 123Tests/Info.plist;
				LD_RUNPATH_SEARCH_PATHS = (
					"$(inherited)",
					"@executable_path/Frameworks",
					"@loader_path/Frameworks",
				);
				PRODUCT_BUNDLE_IDENTIFIER = "com.InteractiveArts.-23Tests";
				PRODUCT_NAME = "$(TARGET_NAME)";
				SWIFT_VERSION = 4.0;
				TARGETED_DEVICE_FAMILY = "1,2";
				TEST_HOST = "$(BUILT_PRODUCTS_DIR)/123.app/123";
			};
			name = Release;
		};
		9457FAD92080FA0B00830784 /* Debug */ = {
			isa = XCBuildConfiguration;
			buildSettings = {
				ALWAYS_EMBED_SWIFT_STANDARD_LIBRARIES = YES;
				CODE_SIGN_STYLE = Automatic;
				DEVELOPMENT_TEAM = 64G55X8M4T;
				INFOPLIST_FILE = 123UITests/Info.plist;
				LD_RUNPATH_SEARCH_PATHS = (
					"$(inherited)",
					"@executable_path/Frameworks",
					"@loader_path/Frameworks",
				);
				PRODUCT_BUNDLE_IDENTIFIER = "com.InteractiveArts.-23UITests";
				PRODUCT_NAME = "$(TARGET_NAME)";
				SWIFT_VERSION = 4.0;
				TARGETED_DEVICE_FAMILY = "1,2";
				TEST_TARGET_NAME = 123;
			};
			name = Debug;
		};
		9457FADA2080FA0B00830784 /* Release */ = {
			isa = XCBuildConfiguration;
			buildSettings = {
				ALWAYS_EMBED_SWIFT_STANDARD_LIBRARIES = YES;
				CODE_SIGN_STYLE = Automatic;
				DEVELOPMENT_TEAM = 64G55X8M4T;
				INFOPLIST_FILE = 123UITests/Info.plist;
				LD_RUNPATH_SEARCH_PATHS = (
					"$(inherited)",
					"@executable_path/Frameworks",
					"@loader_path/Frameworks",
				);
				PRODUCT_BUNDLE_IDENTIFIER = "com.InteractiveArts.-23UITests";
				PRODUCT_NAME = "$(TARGET_NAME)";
				SWIFT_VERSION = 4.0;
				TARGETED_DEVICE_FAMILY = "1,2";
				TEST_TARGET_NAME = 123;
			};
			name = Release;
		};
/* End XCBuildConfiguration section */

/* Begin XCConfigurationList section */
		9457FAA52080FA0A00830784 /* Build configuration list for PBXProject "projectCaesium" */ = {
			isa = XCConfigurationList;
			buildConfigurations = (
				9457FAD02080FA0B00830784 /* Debug */,
				9457FAD12080FA0B00830784 /* Release */,
			);
			defaultConfigurationIsVisible = 0;
			defaultConfigurationName = Release;
		};
		9457FAD22080FA0B00830784 /* Build configuration list for PBXNativeTarget "123" */ = {
			isa = XCConfigurationList;
			buildConfigurations = (
				9457FAD32080FA0B00830784 /* Debug */,
				9457FAD42080FA0B00830784 /* Release */,
			);
			defaultConfigurationIsVisible = 0;
			defaultConfigurationName = Release;
		};
		9457FAD52080FA0B00830784 /* Build configuration list for PBXNativeTarget "123Tests" */ = {
			isa = XCConfigurationList;
			buildConfigurations = (
				9457FAD62080FA0B00830784 /* Debug */,
				9457FAD72080FA0B00830784 /* Release */,
			);
			defaultConfigurationIsVisible = 0;
			defaultConfigurationName = Release;
		};
		9457FAD82080FA0B00830784 /* Build configuration list for PBXNativeTarget "123UITests" */ = {
			isa = XCConfigurationList;
			buildConfigurations = (
				9457FAD92080FA0B00830784 /* Debug */,
				9457FADA2080FA0B00830784 /* Release */,
			);
			defaultConfigurationIsVisible = 0;
			defaultConfigurationName = Release;
		};
/* End XCConfigurationList section */
	};
	rootObject = 9457FAA22080FA0A00830784 /* Project object */;
}
